
Microsoft Visual Studio Solution File, Format Version 12.00
Project("{FAE04EC0-301F-11D3-BF4B-00C04F79EFBC}") = "Core", "Core\Core.csproj", "{840BC243-644F-4C56-B982-0144E3E3E5A9}"
EndProject
Project("{FAE04EC0-301F-11D3-BF4B-00C04F79EFBC}") = "ConsoleDriver", "ConsoleDriver\ConsoleDriver.csproj", "{27142ACC-4F62-4A77-8C34-050187D8AD4B}"
EndProject
Project("{FAE04EC0-301F-11D3-BF4B-00C04F79EFBC}") = "WebDriver", "WebDriver\WebDriver.csproj", "{9865D85B-0EB1-4755-A124-2015FF425976}"
EndProject
Project("{FAE04EC0-301F-11D3-BF4B-00C04F79EFBC}") = "ComparativeExperiment", "ComparativeExperiment\ComparativeExperiment.csproj", "{819416D8-33E6-4E83-900D-58F688B62597}"
EndProject
Global
	GlobalSection(SolutionConfigurationPlatforms) = preSolution
		Debug|Any CPU = Debug|Any CPU
		Release|Any CPU = Release|Any CPU
	EndGlobalSection
	GlobalSection(ProjectConfigurationPlatforms) = postSolution
		{840BC243-644F-4C56-B982-0144E3E3E5A9}.Debug|Any CPU.ActiveCfg = Debug|Any CPU
		{840BC243-644F-4C56-B982-0144E3E3E5A9}.Debug|Any CPU.Build.0 = Debug|Any CPU
		{840BC243-644F-4C56-B982-0144E3E3E5A9}.Release|Any CPU.ActiveCfg = Release|Any CPU
		{840BC243-644F-4C56-B982-0144E3E3E5A9}.Release|Any CPU.Build.0 = Release|Any CPU
		{27142ACC-4F62-4A77-8C34-050187D8AD4B}.Debug|Any CPU.ActiveCfg = Debug|Any CPU
		{27142ACC-4F62-4A77-8C34-050187D8AD4B}.Debug|Any CPU.Build.0 = Debug|Any CPU
		{27142ACC-4F62-4A77-8C34-050187D8AD4B}.Release|Any CPU.ActiveCfg = Release|Any CPU
		{27142ACC-4F62-4A77-8C34-050187D8AD4B}.Release|Any CPU.Build.0 = Release|Any CPU
		{9865D85B-0EB1-4755-A124-2015FF425976}.Debug|Any CPU.ActiveCfg = Debug|Any CPU
		{9865D85B-0EB1-4755-A124-2015FF425976}.Debug|Any CPU.Build.0 = Debug|Any CPU
		{9865D85B-0EB1-4755-A124-2015FF425976}.Release|Any CPU.ActiveCfg = Release|Any CPU
		{9865D85B-0EB1-4755-A124-2015FF425976}.Release|Any CPU.Build.0 = Release|Any CPU
		{819416D8-33E6-4E83-900D-58F688B62597}.Debug|Any CPU.ActiveCfg = Debug|Any CPU
		{819416D8-33E6-4E83-900D-58F688B62597}.Debug|Any CPU.Build.0 = Debug|Any CPU
		{819416D8-33E6-4E83-900D-58F688B62597}.Release|Any CPU.ActiveCfg = Release|Any CPU
		{819416D8-33E6-4E83-900D-58F688B62597}.Release|Any CPU.Build.0 = Release|Any CPU
	EndGlobalSection
EndGlobal
